
Microsoft Visual Studio Solution File, Format Version 12.00
# Visual Studio Version 17
VisualStudioVersion = 17.2.32602.215
MinimumVisualStudioVersion = 10.0.40219.1
Project("{FAE04EC0-301F-11D3-BF4B-00C04F79EFBC}") = "SaberTest", "SaberTest\SaberTest.csproj", "{8362001A-CE97-4892-9824-03F77CD89606}"
EndProject
Project("{FAE04EC0-301F-11D3-BF4B-00C04F79EFBC}") = "NUnitTests", "NUnitTests\NUnitTests.csproj", "{A2FA99F1-FCA2-4140-8C95-FDF16F6F28BC}"
EndProject
Global
	GlobalSection(SolutionConfigurationPlatforms) = preSolution
		Debug|Any CPU = Debug|Any CPU
		Release|Any CPU = Release|Any CPU
	EndGlobalSection
	GlobalSection(ProjectConfigurationPlatforms) = postSolution
		{8362001A-CE97-4892-9824-03F77CD89606}.Debug|Any CPU.ActiveCfg = Debug|Any CPU
		{8362001A-CE97-4892-9824-03F77CD89606}.Debug|Any CPU.Build.0 = Debug|Any CPU
		{8362001A-CE97-4892-9824-03F77CD89606}.Release|Any CPU.ActiveCfg = Release|Any CPU
		{8362001A-CE97-4892-9824-03F77CD89606}.Release|Any CPU.Build.0 = Release|Any CPU
		{A2FA99F1-FCA2-4140-8C95-FDF16F6F28BC}.Debug|Any CPU.ActiveCfg = Debug|Any CPU
		{A2FA99F1-FCA2-4140-8C95-FDF16F6F28BC}.Debug|Any CPU.Build.0 = Debug|Any CPU
		{A2FA99F1-FCA2-4140-8C95-FDF16F6F28BC}.Release|Any CPU.ActiveCfg = Release|Any CPU
		{A2FA99F1-FCA2-4140-8C95-FDF16F6F28BC}.Release|Any CPU.Build.0 = Release|Any CPU
	EndGlobalSection
	GlobalSection(SolutionProperties) = preSolution
		HideSolutionNode = FALSE
	EndGlobalSection
	GlobalSection(ExtensibilityGlobals) = postSolution
		SolutionGuid = {1D4AD22D-D905-4F3D-9BEB-D767049E9100}
	EndGlobalSection
EndGlobal
